
Microsoft Visual Studio Solution File, Format Version 12.00
# Visual Studio 14
VisualStudioVersion = 14.0.25420.1
MinimumVisualStudioVersion = 10.0.40219.1
Project("{FAE04EC0-301F-11D3-BF4B-00C04F79EFBC}") = "SeliseSchool.Web", "StudentApp.Web\StudentApp.Web.csproj", "{CEA84311-846B-42A6-9360-F9B3A7CB31D2}"
EndProject
Project("{FAE04EC0-301F-11D3-BF4B-00C04F79EFBC}") = "StudentApp.Core", "StudentApp.Core\StudentApp.Core.csproj", "{7D878EF9-3483-42EE-84DE-F9ACD612A862}"
EndProject
Project("{FAE04EC0-301F-11D3-BF4B-00C04F79EFBC}") = "StudentApp.DataAccess", "StudentApp.DataAccess\StudentApp.DataAccess.csproj", "{A54585E6-9739-46CC-92A7-D7E9BF8AC93A}"
EndProject
Global
	GlobalSection(SolutionConfigurationPlatforms) = preSolution
		Debug|Any CPU = Debug|Any CPU
		Release|Any CPU = Release|Any CPU
	EndGlobalSection
	GlobalSection(ProjectConfigurationPlatforms) = postSolution
		{CEA84311-846B-42A6-9360-F9B3A7CB31D2}.Debug|Any CPU.ActiveCfg = Debug|Any CPU
		{CEA84311-846B-42A6-9360-F9B3A7CB31D2}.Debug|Any CPU.Build.0 = Debug|Any CPU
		{CEA84311-846B-42A6-9360-F9B3A7CB31D2}.Release|Any CPU.ActiveCfg = Release|Any CPU
		{CEA84311-846B-42A6-9360-F9B3A7CB31D2}.Release|Any CPU.Build.0 = Release|Any CPU
		{7D878EF9-3483-42EE-84DE-F9ACD612A862}.Debug|Any CPU.ActiveCfg = Debug|Any CPU
		{7D878EF9-3483-42EE-84DE-F9ACD612A862}.Debug|Any CPU.Build.0 = Debug|Any CPU
		{7D878EF9-3483-42EE-84DE-F9ACD612A862}.Release|Any CPU.ActiveCfg = Release|Any CPU
		{7D878EF9-3483-42EE-84DE-F9ACD612A862}.Release|Any CPU.Build.0 = Release|Any CPU
		{A54585E6-9739-46CC-92A7-D7E9BF8AC93A}.Debug|Any CPU.ActiveCfg = Debug|Any CPU
		{A54585E6-9739-46CC-92A7-D7E9BF8AC93A}.Debug|Any CPU.Build.0 = Debug|Any CPU
		{A54585E6-9739-46CC-92A7-D7E9BF8AC93A}.Release|Any CPU.ActiveCfg = Release|Any CPU
		{A54585E6-9739-46CC-92A7-D7E9BF8AC93A}.Release|Any CPU.Build.0 = Release|Any CPU
	EndGlobalSection
	GlobalSection(SolutionProperties) = preSolution
		HideSolutionNode = FALSE
	EndGlobalSection
EndGlobal
